// !$*UTF8*$!
{
	archiveVersion = 1;
	classes = {
	};
	objectVersion = 50;
	objects = {

/* Begin PBXBuildFile section */
		80CC280926AF314500C5674D /* NovaPoshtaApp.swift in Sources */ = {isa = PBXBuildFile; fileRef = 80CC280826AF314500C5674D /* NovaPoshtaApp.swift */; };
		80CC280B26AF314500C5674D /* ContentView.swift in Sources */ = {isa = PBXBuildFile; fileRef = 80CC280A26AF314500C5674D /* ContentView.swift */; };
		80CC280D26AF314700C5674D /* Assets.xcassets in Resources */ = {isa = PBXBuildFile; fileRef = 80CC280C26AF314700C5674D /* Assets.xcassets */; };
		80CC281026AF314700C5674D /* Preview Assets.xcassets in Resources */ = {isa = PBXBuildFile; fileRef = 80CC280F26AF314700C5674D /* Preview Assets.xcassets */; };
		80CC281A26AF361700C5674D /* Color.swift in Sources */ = {isa = PBXBuildFile; fileRef = 80CC281926AF361700C5674D /* Color.swift */; };
		80CC281C26AF387400C5674D /* ComponentLogo.swift in Sources */ = {isa = PBXBuildFile; fileRef = 80CC281B26AF387400C5674D /* ComponentLogo.swift */; };
		80CC281F26AF3D0600C5674D /* FullLogo.swift in Sources */ = {isa = PBXBuildFile; fileRef = 80CC281E26AF3D0600C5674D /* FullLogo.swift */; };
		80CC282126AF433700C5674D /* LaunchScreen.storyboard in Resources */ = {isa = PBXBuildFile; fileRef = 80CC282026AF433700C5674D /* LaunchScreen.storyboard */; };
		80CC282326AF4CF000C5674D /* ButtonAnimation.swift in Sources */ = {isa = PBXBuildFile; fileRef = 80CC282226AF4CF000C5674D /* ButtonAnimation.swift */; };
		80CC282626AF50EA00C5674D /* Trapeze.swift in Sources */ = {isa = PBXBuildFile; fileRef = 80CC282526AF50EA00C5674D /* Trapeze.swift */; };
		80CC282826AF733A00C5674D /* TextLogo.swift in Sources */ = {isa = PBXBuildFile; fileRef = 80CC282726AF733A00C5674D /* TextLogo.swift */; };
		80CC282A26AF7D9400C5674D /* TopPanel.swift in Sources */ = {isa = PBXBuildFile; fileRef = 80CC282926AF7D9400C5674D /* TopPanel.swift */; };
/* End PBXBuildFile section */

/* Begin PBXFileReference section */
		80CC280526AF314400C5674D /* NovaPoshta.app */ = {isa = PBXFileReference; explicitFileType = wrapper.application; includeInIndex = 0; path = NovaPoshta.app; sourceTree = BUILT_PRODUCTS_DIR; };
		80CC280826AF314500C5674D /* NovaPoshtaApp.swift */ = {isa = PBXFileReference; lastKnownFileType = sourcecode.swift; path = NovaPoshtaApp.swift; sourceTree = "<group>"; };
		80CC280A26AF314500C5674D /* ContentView.swift */ = {isa = PBXFileReference; lastKnownFileType = sourcecode.swift; path = ContentView.swift; sourceTree = "<group>"; };
		80CC280C26AF314700C5674D /* Assets.xcassets */ = {isa = PBXFileReference; lastKnownFileType = folder.assetcatalog; path = Assets.xcassets; sourceTree = "<group>"; };
		80CC280F26AF314700C5674D /* Preview Assets.xcassets */ = {isa = PBXFileReference; lastKnownFileType = folder.assetcatalog; path = "Preview Assets.xcassets"; sourceTree = "<group>"; };
		80CC281126AF314700C5674D /* Info.plist */ = {isa = PBXFileReference; lastKnownFileType = text.plist.xml; path = Info.plist; sourceTree = "<group>"; };
		80CC281926AF361700C5674D /* Color.swift */ = {isa = PBXFileReference; lastKnownFileType = sourcecode.swift; path = Color.swift; sourceTree = "<group>"; };
		80CC281B26AF387400C5674D /* ComponentLogo.swift */ = {isa = PBXFileReference; lastKnownFileType = sourcecode.swift; path = ComponentLogo.swift; sourceTree = "<group>"; };
		80CC281E26AF3D0600C5674D /* FullLogo.swift */ = {isa = PBXFileReference; lastKnownFileType = sourcecode.swift; path = FullLogo.swift; sourceTree = "<group>"; };
		80CC282026AF433700C5674D /* LaunchScreen.storyboard */ = {isa = PBXFileReference; lastKnownFileType = file.storyboard; path = LaunchScreen.storyboard; sourceTree = "<group>"; };
		80CC282226AF4CF000C5674D /* ButtonAnimation.swift */ = {isa = PBXFileReference; lastKnownFileType = sourcecode.swift; path = ButtonAnimation.swift; sourceTree = "<group>"; };
		80CC282526AF50EA00C5674D /* Trapeze.swift */ = {isa = PBXFileReference; lastKnownFileType = sourcecode.swift; path = Trapeze.swift; sourceTree = "<group>"; };
		80CC282726AF733A00C5674D /* TextLogo.swift */ = {isa = PBXFileReference; lastKnownFileType = sourcecode.swift; path = TextLogo.swift; sourceTree = "<group>"; };
		80CC282926AF7D9400C5674D /* TopPanel.swift */ = {isa = PBXFileReference; lastKnownFileType = sourcecode.swift; path = TopPanel.swift; sourceTree = "<group>"; };
/* End PBXFileReference section */

/* Begin PBXFrameworksBuildPhase section */
		80CC280226AF314400C5674D /* Frameworks */ = {
			isa = PBXFrameworksBuildPhase;
			buildActionMask = 2147483647;
			files = (
			);
			runOnlyForDeploymentPostprocessing = 0;
		};
/* End PBXFrameworksBuildPhase section */

/* Begin PBXGroup section */
		80CC27FC26AF314400C5674D = {
			isa = PBXGroup;
			children = (
				80CC280726AF314400C5674D /* NovaPoshta */,
				80CC280626AF314400C5674D /* Products */,
			);
			sourceTree = "<group>";
		};
		80CC280626AF314400C5674D /* Products */ = {
			isa = PBXGroup;
			children = (
				80CC280526AF314400C5674D /* NovaPoshta.app */,
			);
			name = Products;
			sourceTree = "<group>";
		};
		80CC280726AF314400C5674D /* NovaPoshta */ = {
			isa = PBXGroup;
			children = (
				80CC280826AF314500C5674D /* NovaPoshtaApp.swift */,
				80CC280A26AF314500C5674D /* ContentView.swift */,
				80CC281D26AF3C9400C5674D /* View */,
				80CC282426AF504B00C5674D /* Shape */,
				80CC281826AF35F900C5674D /* Extension */,
				80CC281726AF316800C5674D /* System32 */,
			);
			path = NovaPoshta;
			sourceTree = "<group>";
		};
		80CC280E26AF314700C5674D /* Preview Content */ = {
			isa = PBXGroup;
			children = (
				80CC280F26AF314700C5674D /* Preview Assets.xcassets */,
			);
			path = "Preview Content";
			sourceTree = "<group>";
		};
		80CC281726AF316800C5674D /* System32 */ = {
			isa = PBXGroup;
			children = (
				80CC280C26AF314700C5674D /* Assets.xcassets */,
				80CC281126AF314700C5674D /* Info.plist */,
				80CC280E26AF314700C5674D /* Preview Content */,
			);
			path = System32;
			sourceTree = "<group>";
		};
		80CC281826AF35F900C5674D /* Extension */ = {
			isa = PBXGroup;
			children = (
				80CC281926AF361700C5674D /* Color.swift */,
			);
			path = Extension;
			sourceTree = "<group>";
		};
		80CC281D26AF3C9400C5674D /* View */ = {
			isa = PBXGroup;
			children = (
				80CC281E26AF3D0600C5674D /* FullLogo.swift */,
				80CC282926AF7D9400C5674D /* TopPanel.swift */,
				80CC282726AF733A00C5674D /* TextLogo.swift */,
				80CC281B26AF387400C5674D /* ComponentLogo.swift */,
				80CC282226AF4CF000C5674D /* ButtonAnimation.swift */,
				80CC282026AF433700C5674D /* LaunchScreen.storyboard */,
			);
			path = View;
			sourceTree = "<group>";
		};
		80CC282426AF504B00C5674D /* Shape */ = {
			isa = PBXGroup;
			children = (
				80CC282526AF50EA00C5674D /* Trapeze.swift */,
			);
			path = Shape;
			sourceTree = "<group>";
		};
/* End PBXGroup section */

/* Begin PBXNativeTarget section */
		80CC280426AF314400C5674D /* NovaPoshta */ = {
			isa = PBXNativeTarget;
			buildConfigurationList = 80CC281426AF314700C5674D /* Build configuration list for PBXNativeTarget "NovaPoshta" */;
			buildPhases = (
				80CC280126AF314400C5674D /* Sources */,
				80CC280226AF314400C5674D /* Frameworks */,
				80CC280326AF314400C5674D /* Resources */,
			);
			buildRules = (
			);
			dependencies = (
			);
			name = NovaPoshta;
			productName = NovaPoshta;
			productReference = 80CC280526AF314400C5674D /* NovaPoshta.app */;
			productType = "com.apple.product-type.application";
		};
/* End PBXNativeTarget section */

/* Begin PBXProject section */
		80CC27FD26AF314400C5674D /* Project object */ = {
			isa = PBXProject;
			attributes = {
				LastSwiftUpdateCheck = 1250;
				LastUpgradeCheck = 1250;
				TargetAttributes = {
					80CC280426AF314400C5674D = {
						CreatedOnToolsVersion = 12.5.1;
					};
				};
			};
			buildConfigurationList = 80CC280026AF314400C5674D /* Build configuration list for PBXProject "NovaPoshta" */;
			compatibilityVersion = "Xcode 9.3";
			developmentRegion = en;
			hasScannedForEncodings = 0;
			knownRegions = (
				en,
				Base,
			);
			mainGroup = 80CC27FC26AF314400C5674D;
			productRefGroup = 80CC280626AF314400C5674D /* Products */;
			projectDirPath = "";
			projectRoot = "";
			targets = (
				80CC280426AF314400C5674D /* NovaPoshta */,
			);
		};
/* End PBXProject section */

/* Begin PBXResourcesBuildPhase section */
		80CC280326AF314400C5674D /* Resources */ = {
			isa = PBXResourcesBuildPhase;
			buildActionMask = 2147483647;
			files = (
				80CC282126AF433700C5674D /* LaunchScreen.storyboard in Resources */,
				80CC281026AF314700C5674D /* Preview Assets.xcassets in Resources */,
				80CC280D26AF314700C5674D /* Assets.xcassets in Resources */,
			);
			runOnlyForDeploymentPostprocessing = 0;
		};
/* End PBXResourcesBuildPhase section */

/* Begin PBXSourcesBuildPhase section */
		80CC280126AF314400C5674D /* Sources */ = {
			isa = PBXSourcesBuildPhase;
			buildActionMask = 2147483647;
			files = (
				80CC282A26AF7D9400C5674D /* TopPanel.swift in Sources */,
				80CC280B26AF314500C5674D /* ContentView.swift in Sources */,
				80CC280926AF314500C5674D /* NovaPoshtaApp.swift in Sources */,
				80CC282326AF4CF000C5674D /* ButtonAnimation.swift in Sources */,
				80CC281C26AF387400C5674D /* ComponentLogo.swift in Sources */,
				80CC282626AF50EA00C5674D /* Trapeze.swift in Sources */,
				80CC281A26AF361700C5674D /* Color.swift in Sources */,
				80CC281F26AF3D0600C5674D /* FullLogo.swift in Sources */,
				80CC282826AF733A00C5674D /* TextLogo.swift in Sources */,
			);
			runOnlyForDeploymentPostprocessing = 0;
		};
/* End PBXSourcesBuildPhase section */

/* Begin XCBuildConfiguration section */
		80CC281226AF314700C5674D /* Debug */ = {
			isa = XCBuildConfiguration;
			buildSettings = {
				ALWAYS_SEARCH_USER_PATHS = NO;
				CLANG_ANALYZER_NONNULL = YES;
				CLANG_ANALYZER_NUMBER_OBJECT_CONVERSION = YES_AGGRESSIVE;
				CLANG_CXX_LANGUAGE_STANDARD = "gnu++14";
				CLANG_CXX_LIBRARY = "libc++";
				CLANG_ENABLE_MODULES = YES;
				CLANG_ENABLE_OBJC_ARC = YES;
				CLANG_ENABLE_OBJC_WEAK = YES;
				CLANG_WARN_BLOCK_CAPTURE_AUTORELEASING = YES;
				CLANG_WARN_BOOL_CONVERSION = YES;
				CLANG_WARN_COMMA = YES;
				CLANG_WARN_CONSTANT_CONVERSION = YES;
				CLANG_WARN_DEPRECATED_OBJC_IMPLEMENTATIONS = YES;
				CLANG_WARN_DIRECT_OBJC_ISA_USAGE = YES_ERROR;
				CLANG_WARN_DOCUMENTATION_COMMENTS = YES;
				CLANG_WARN_EMPTY_BODY = YES;
				CLANG_WARN_ENUM_CONVERSION = YES;
				CLANG_WARN_INFINITE_RECURSION = YES;
				CLANG_WARN_INT_CONVERSION = YES;
				CLANG_WARN_NON_LITERAL_NULL_CONVERSION = YES;
				CLANG_WARN_OBJC_IMPLICIT_RETAIN_SELF = YES;
				CLANG_WARN_OBJC_LITERAL_CONVERSION = YES;
				CLANG_WARN_OBJC_ROOT_CLASS = YES_ERROR;
				CLANG_WARN_QUOTED_INCLUDE_IN_FRAMEWORK_HEADER = YES;
				CLANG_WARN_RANGE_LOOP_ANALYSIS = YES;
				CLANG_WARN_STRICT_PROTOTYPES = YES;
				CLANG_WARN_SUSPICIOUS_MOVE = YES;
				CLANG_WARN_UNGUARDED_AVAILABILITY = YES_AGGRESSIVE;
				CLANG_WARN_UNREACHABLE_CODE = YES;
				CLANG_WARN__DUPLICATE_METHOD_MATCH = YES;
				COPY_PHASE_STRIP = NO;
				DEBUG_INFORMATION_FORMAT = dwarf;
				ENABLE_STRICT_OBJC_MSGSEND = YES;
				ENABLE_TESTABILITY = YES;
				GCC_C_LANGUAGE_STANDARD = gnu11;
				GCC_DYNAMIC_NO_PIC = NO;
				GCC_NO_COMMON_BLOCKS = YES;
				GCC_OPTIMIZATION_LEVEL = 0;
				GCC_PREPROCESSOR_DEFINITIONS = (
					"DEBUG=1",
					"$(inherited)",
				);
				GCC_WARN_64_TO_32_BIT_CONVERSION = YES;
				GCC_WARN_ABOUT_RETURN_TYPE = YES_ERROR;
				GCC_WARN_UNDECLARED_SELECTOR = YES;
				GCC_WARN_UNINITIALIZED_AUTOS = YES_AGGRESSIVE;
				GCC_WARN_UNUSED_FUNCTION = YES;
				GCC_WARN_UNUSED_VARIABLE = YES;
				IPHONEOS_DEPLOYMENT_TARGET = 14.5;
				MTL_ENABLE_DEBUG_INFO = INCLUDE_SOURCE;
				MTL_FAST_MATH = YES;
				ONLY_ACTIVE_ARCH = YES;
				SDKROOT = iphoneos;
				SWIFT_ACTIVE_COMPILATION_CONDITIONS = DEBUG;
				SWIFT_OPTIMIZATION_LEVEL = "-Onone";
			};
			name = Debug;
		};
		80CC281326AF314700C5674D /* Release */ = {
			isa = XCBuildConfiguration;
			buildSettings = {
				ALWAYS_SEARCH_USER_PATHS = NO;
				CLANG_ANALYZER_NONNULL = YES;
				CLANG_ANALYZER_NUMBER_OBJECT_CONVERSION = YES_AGGRESSIVE;
				CLANG_CXX_LANGUAGE_STANDARD = "gnu++14";
				CLANG_CXX_LIBRARY = "libc++";
				CLANG_ENABLE_MODULES = YES;
				CLANG_ENABLE_OBJC_ARC = YES;
				CLANG_ENABLE_OBJC_WEAK = YES;
				CLANG_WARN_BLOCK_CAPTURE_AUTORELEASING = YES;
				CLANG_WARN_BOOL_CONVERSION = YES;
				CLANG_WARN_COMMA = YES;
				CLANG_WARN_CONSTANT_CONVERSION = YES;
				CLANG_WARN_DEPRECATED_OBJC_IMPLEMENTATIONS = YES;
				CLANG_WARN_DIRECT_OBJC_ISA_USAGE = YES_ERROR;
				CLANG_WARN_DOCUMENTATION_COMMENTS = YES;
				CLANG_WARN_EMPTY_BODY = YES;
				CLANG_WARN_ENUM_CONVERSION = YES;
				CLANG_WARN_INFINITE_RECURSION = YES;
				CLANG_WARN_INT_CONVERSION = YES;
				CLANG_WARN_NON_LITERAL_NULL_CONVERSION = YES;
				CLANG_WARN_OBJC_IMPLICIT_RETAIN_SELF = YES;
				CLANG_WARN_OBJC_LITERAL_CONVERSION = YES;
				CLANG_WARN_OBJC_ROOT_CLASS = YES_ERROR;
				CLANG_WARN_QUOTED_INCLUDE_IN_FRAMEWORK_HEADER = YES;
				CLANG_WARN_RANGE_LOOP_ANALYSIS = YES;
				CLANG_WARN_STRICT_PROTOTYPES = YES;
				CLANG_WARN_SUSPICIOUS_MOVE = YES;
				CLANG_WARN_UNGUARDED_AVAILABILITY = YES_AGGRESSIVE;
				CLANG_WARN_UNREACHABLE_CODE = YES;
				CLANG_WARN__DUPLICATE_METHOD_MATCH = YES;
				COPY_PHASE_STRIP = NO;
				DEBUG_INFORMATION_FORMAT = "dwarf-with-dsym";
				ENABLE_NS_ASSERTIONS = NO;
				ENABLE_STRICT_OBJC_MSGSEND = YES;
				GCC_C_LANGUAGE_STANDARD = gnu11;
				GCC_NO_COMMON_BLOCKS = YES;
				GCC_WARN_64_TO_32_BIT_CONVERSION = YES;
				GCC_WARN_ABOUT_RETURN_TYPE = YES_ERROR;
				GCC_WARN_UNDECLARED_SELECTOR = YES;
				GCC_WARN_UNINITIALIZED_AUTOS = YES_AGGRESSIVE;
				GCC_WARN_UNUSED_FUNCTION = YES;
				GCC_WARN_UNUSED_VARIABLE = YES;
				IPHONEOS_DEPLOYMENT_TARGET = 14.5;
				MTL_ENABLE_DEBUG_INFO = NO;
				MTL_FAST_MATH = YES;
				SDKROOT = iphoneos;
				SWIFT_COMPILATION_MODE = wholemodule;
				SWIFT_OPTIMIZATION_LEVEL = "-O";
				VALIDATE_PRODUCT = YES;
			};
			name = Release;
		};
		80CC281526AF314700C5674D /* Debug */ = {
			isa = XCBuildConfiguration;
			buildSettings = {
				ASSETCATALOG_COMPILER_APPICON_NAME = AppIcon;
				ASSETCATALOG_COMPILER_GLOBAL_ACCENT_COLOR_NAME = AccentColor;
				CODE_SIGN_STYLE = Automatic;
				DEVELOPMENT_ASSET_PATHS = "\"NovaPoshta/System32/Preview Content\"";
				DEVELOPMENT_TEAM = 879U287R5Q;
				ENABLE_PREVIEWS = YES;
				INFOPLIST_FILE = NovaPoshta/System32/Info.plist;
				IPHONEOS_DEPLOYMENT_TARGET = 14.0;
				LD_RUNPATH_SEARCH_PATHS = (
					"$(inherited)",
					"@executable_path/Frameworks",
				);
				PRODUCT_BUNDLE_IDENTIFIER = com.ihValery.NovaPoshta;
				PRODUCT_NAME = "$(TARGET_NAME)";
				SWIFT_VERSION = 5.0;
				TARGETED_DEVICE_FAMILY = 1;
			};
			name = Debug;
		};
		80CC281626AF314700C5674D /* Release */ = {
			isa = XCBuildConfiguration;
			buildSettings = {
				ASSETCATALOG_COMPILER_APPICON_NAME = AppIcon;
				ASSETCATALOG_COMPILER_GLOBAL_ACCENT_COLOR_NAME = AccentColor;
				CODE_SIGN_STYLE = Automatic;
				DEVELOPMENT_ASSET_PATHS = "\"NovaPoshta/System32/Preview Content\"";
				DEVELOPMENT_TEAM = 879U287R5Q;
				ENABLE_PREVIEWS = YES;
				INFOPLIST_FILE = NovaPoshta/System32/Info.plist;
				IPHONEOS_DEPLOYMENT_TARGET = 14.0;
				LD_RUNPATH_SEARCH_PATHS = (
					"$(inherited)",
					"@executable_path/Frameworks",
				);
				PRODUCT_BUNDLE_IDENTIFIER = com.ihValery.NovaPoshta;
				PRODUCT_NAME = "$(TARGET_NAME)";
				SWIFT_VERSION = 5.0;
				TARGETED_DEVICE_FAMILY = 1;
			};
			name = Release;
		};
/* End XCBuildConfiguration section */

/* Begin XCConfigurationList section */
		80CC280026AF314400C5674D /* Build configuration list for PBXProject "NovaPoshta" */ = {
			isa = XCConfigurationList;
			buildConfigurations = (
				80CC281226AF314700C5674D /* Debug */,
				80CC281326AF314700C5674D /* Release */,
			);
			defaultConfigurationIsVisible = 0;
			defaultConfigurationName = Release;
		};
		80CC281426AF314700C5674D /* Build configuration list for PBXNativeTarget "NovaPoshta" */ = {
			isa = XCConfigurationList;
			buildConfigurations = (
				80CC281526AF314700C5674D /* Debug */,
				80CC281626AF314700C5674D /* Release */,
			);
			defaultConfigurationIsVisible = 0;
			defaultConfigurationName = Release;
		};
/* End XCConfigurationList section */
	};
	rootObject = 80CC27FD26AF314400C5674D /* Project object */;
}
